
Microsoft Visual Studio Solution File, Format Version 12.00
# Visual Studio 15
VisualStudioVersion = 15.0.26228.10
MinimumVisualStudioVersion = 10.0.40219.1
Project("{2150E333-8FDC-42A3-9474-1A3956D46DE8}") = "src", "src", "{93CECB27-C2B6-4347-88A4-8EC44B91847E}"
EndProject
Project("{2150E333-8FDC-42A3-9474-1A3956D46DE8}") = "Solution Items", "Solution Items", "{BB317C4D-3E83-4A54-8679-9F024FA0FE59}"
	ProjectSection(SolutionItems) = preProject
		global.json = global.json
	EndProjectSection
EndProject
Project("{9A19103F-16F7-4668-BE54-9A1E7A4F7556}") = "HipChatConnect", "src\HipChatConnect\HipChatConnect.csproj", "{0B956DF3-FA90-4723-9276-4535821B8200}"
EndProject
Project("{2150E333-8FDC-42A3-9474-1A3956D46DE8}") = "tst", "tst", "{45B3CE68-A314-4C19-BA08-DCDA37D265EC}"
EndProject
Project("{FAE04EC0-301F-11D3-BF4B-00C04F79EFBC}") = "HipChatConnect.Tests", "tst\HipChatConnect.Tests\HipChatConnect.Tests.csproj", "{0916EA6A-5619-4F29-9672-F8960AD9EA45}"
EndProject
Global
	GlobalSection(SolutionConfigurationPlatforms) = preSolution
		Debug|Any CPU = Debug|Any CPU
		Debug|x64 = Debug|x64
		Debug|x86 = Debug|x86
		Release|Any CPU = Release|Any CPU
		Release|x64 = Release|x64
		Release|x86 = Release|x86
	EndGlobalSection
	GlobalSection(ProjectConfigurationPlatforms) = postSolution
		{0B956DF3-FA90-4723-9276-4535821B8200}.Debug|Any CPU.ActiveCfg = Debug|Any CPU
		{0B956DF3-FA90-4723-9276-4535821B8200}.Debug|Any CPU.Build.0 = Debug|Any CPU
		{0B956DF3-FA90-4723-9276-4535821B8200}.Debug|x64.ActiveCfg = Debug|Any CPU
		{0B956DF3-FA90-4723-9276-4535821B8200}.Debug|x64.Build.0 = Debug|Any CPU
		{0B956DF3-FA90-4723-9276-4535821B8200}.Debug|x86.ActiveCfg = Debug|Any CPU
		{0B956DF3-FA90-4723-9276-4535821B8200}.Debug|x86.Build.0 = Debug|Any CPU
		{0B956DF3-FA90-4723-9276-4535821B8200}.Release|Any CPU.ActiveCfg = Release|Any CPU
		{0B956DF3-FA90-4723-9276-4535821B8200}.Release|Any CPU.Build.0 = Release|Any CPU
		{0B956DF3-FA90-4723-9276-4535821B8200}.Release|x64.ActiveCfg = Release|Any CPU
		{0B956DF3-FA90-4723-9276-4535821B8200}.Release|x64.Build.0 = Release|Any CPU
		{0B956DF3-FA90-4723-9276-4535821B8200}.Release|x86.ActiveCfg = Release|Any CPU
		{0B956DF3-FA90-4723-9276-4535821B8200}.Release|x86.Build.0 = Release|Any CPU
		{0916EA6A-5619-4F29-9672-F8960AD9EA45}.Debug|Any CPU.ActiveCfg = Debug|Any CPU
		{0916EA6A-5619-4F29-9672-F8960AD9EA45}.Debug|Any CPU.Build.0 = Debug|Any CPU
		{0916EA6A-5619-4F29-9672-F8960AD9EA45}.Debug|x64.ActiveCfg = Debug|Any CPU
		{0916EA6A-5619-4F29-9672-F8960AD9EA45}.Debug|x64.Build.0 = Debug|Any CPU
		{0916EA6A-5619-4F29-9672-F8960AD9EA45}.Debug|x86.ActiveCfg = Debug|Any CPU
		{0916EA6A-5619-4F29-9672-F8960AD9EA45}.Debug|x86.Build.0 = Debug|Any CPU
		{0916EA6A-5619-4F29-9672-F8960AD9EA45}.Release|Any CPU.ActiveCfg = Release|Any CPU
		{0916EA6A-5619-4F29-9672-F8960AD9EA45}.Release|Any CPU.Build.0 = Release|Any CPU
		{0916EA6A-5619-4F29-9672-F8960AD9EA45}.Release|x64.ActiveCfg = Release|Any CPU
		{0916EA6A-5619-4F29-9672-F8960AD9EA45}.Release|x64.Build.0 = Release|Any CPU
		{0916EA6A-5619-4F29-9672-F8960AD9EA45}.Release|x86.ActiveCfg = Release|Any CPU
		{0916EA6A-5619-4F29-9672-F8960AD9EA45}.Release|x86.Build.0 = Release|Any CPU
	EndGlobalSection
	GlobalSection(SolutionProperties) = preSolution
		HideSolutionNode = FALSE
	EndGlobalSection
	GlobalSection(NestedProjects) = preSolution
		{0B956DF3-FA90-4723-9276-4535821B8200} = {93CECB27-C2B6-4347-88A4-8EC44B91847E}
		{0916EA6A-5619-4F29-9672-F8960AD9EA45} = {45B3CE68-A314-4C19-BA08-DCDA37D265EC}
	EndGlobalSection
EndGlobal
